
Microsoft Visual Studio Solution File, Format Version 12.00
# Visual Studio Version 16
VisualStudioVersion = 16.0.30011.22
MinimumVisualStudioVersion = 10.0.40219.1
Project("{888888A0-9F3D-457C-B088-3A5042F75D52}") = "最优到校方案", "最优到校方案.pyproj", "{8D938421-5CE2-4653-8250-2E1BAC910DD0}"
EndProject
Global
	GlobalSection(SolutionConfigurationPlatforms) = preSolution
		Debug|Any CPU = Debug|Any CPU
		Release|Any CPU = Release|Any CPU
	EndGlobalSection
	GlobalSection(ProjectConfigurationPlatforms) = postSolution
		{8D938421-5CE2-4653-8250-2E1BAC910DD0}.Debug|Any CPU.ActiveCfg = Debug|Any CPU
		{8D938421-5CE2-4653-8250-2E1BAC910DD0}.Release|Any CPU.ActiveCfg = Release|Any CPU
	EndGlobalSection
	GlobalSection(SolutionProperties) = preSolution
		HideSolutionNode = FALSE
	EndGlobalSection
	GlobalSection(ExtensibilityGlobals) = postSolution
		SolutionGuid = {19907A23-0E68-4D15-B93A-615D11662AD0}
	EndGlobalSection
EndGlobal
